
Microsoft Visual Studio Solution File, Format Version 11.00
# Visual Studio 2010
Project("{FAE04EC0-301F-11D3-BF4B-00C04F79EFBC}") = "ZombieKiller", "ZombieKiller\ZombieKiller.csproj", "{A5A58933-8929-4C0D-9ACA-CC6AE1BAEEAE}"
EndProject
Global
	GlobalSection(SolutionConfigurationPlatforms) = preSolution
		Debug|Any CPU = Debug|Any CPU
		Release|Any CPU = Release|Any CPU
	EndGlobalSection
	GlobalSection(ProjectConfigurationPlatforms) = postSolution
		{A5A58933-8929-4C0D-9ACA-CC6AE1BAEEAE}.Debug|Any CPU.ActiveCfg = Debug|Any CPU
		{A5A58933-8929-4C0D-9ACA-CC6AE1BAEEAE}.Debug|Any CPU.Build.0 = Debug|Any CPU
		{A5A58933-8929-4C0D-9ACA-CC6AE1BAEEAE}.Release|Any CPU.ActiveCfg = Release|Any CPU
		{A5A58933-8929-4C0D-9ACA-CC6AE1BAEEAE}.Release|Any CPU.Build.0 = Release|Any CPU
	EndGlobalSection
	GlobalSection(MonoDevelopProperties) = preSolution
		StartupItem = ZombieKiller\ZombieKiller.csproj
	EndGlobalSection
EndGlobal
